
Microsoft Visual Studio Solution File, Format Version 12.00
# Visual Studio Version 16
VisualStudioVersion = 16.0.31105.61
MinimumVisualStudioVersion = 10.0.40219.1
Project("{9A19103F-16F7-4668-BE54-9A1E7A4F7556}") = "KorelskiyVeselov.ManipulatorVersion2", "Korelskiy.ManipulatorVersion2\KorelskiyVeselov.ManipulatorVersion2.csproj", "{CCF78A71-F369-44E3-8E40-710D499A16E9}"
EndProject
Global
	GlobalSection(SolutionConfigurationPlatforms) = preSolution
		Debug|Any CPU = Debug|Any CPU
		Release|Any CPU = Release|Any CPU
	EndGlobalSection
	GlobalSection(ProjectConfigurationPlatforms) = postSolution
		{CCF78A71-F369-44E3-8E40-710D499A16E9}.Debug|Any CPU.ActiveCfg = Debug|Any CPU
		{CCF78A71-F369-44E3-8E40-710D499A16E9}.Debug|Any CPU.Build.0 = Debug|Any CPU
		{CCF78A71-F369-44E3-8E40-710D499A16E9}.Release|Any CPU.ActiveCfg = Release|Any CPU
		{CCF78A71-F369-44E3-8E40-710D499A16E9}.Release|Any CPU.Build.0 = Release|Any CPU
	EndGlobalSection
	GlobalSection(SolutionProperties) = preSolution
		HideSolutionNode = FALSE
	EndGlobalSection
	GlobalSection(ExtensibilityGlobals) = postSolution
		SolutionGuid = {06FB74EB-43BD-499C-856C-E89764B3920D}
	EndGlobalSection
EndGlobal
